# THIS IS AN AUTOGENERATED FILE. DO NOT EDIT THIS FILE DIRECTLY.
# yarn lockfile v1


agent-base@4, agent-base@^4.3.0:
  version "4.3.0"
  resolved "https://registry.yarnpkg.com/agent-base/-/agent-base-4.3.0.tgz#8165f01c436009bccad0b1d122f05ed770efc6ee"
  integrity sha512-salcGninV0nPrwpGNn4VTXBb1SOuXQBiqbrNXoeizJsHrsL6ERFM2Ne3JUSBWRE6aeNJI2ROP/WEEIDUiDe3cg==
  dependencies:
    es6-promisify "^5.0.0"

agent-base@~4.2.1:
  version "4.2.1"
  resolved "https://registry.yarnpkg.com/agent-base/-/agent-base-4.2.1.tgz#d89e5999f797875674c07d87f260fc41e83e8ca9"
  integrity sha512-JVwXMr9nHYTUXsBFKUqhJwvlcYU/blreOEUkhNR2eXZIvwd+c+o5V4MgDPKWnMS/56awN3TRzIP+KoPn+roQtg==
  dependencies:
    es6-promisify "^5.0.0"

axios@^0.21.1:
  version "0.21.1"
  resolved "https://registry.yarnpkg.com/axios/-/axios-0.21.1.tgz#22563481962f4d6bde9a76d516ef0e5d3c09b2b8"
  integrity sha512-dKQiRHxGD9PPRIUNIWvZhPTPpl1rf/OxTYKsqKUDjBwYylTvV7SjSHJb9ratfyzM6wCdLCOYLzs73qpg5c4iGA==
  dependencies:
    follow-redirects "^1.10.0"

bluebird@^3.7.1:
  version "3.7.2"
  resolved "https://registry.yarnpkg.com/bluebird/-/bluebird-3.7.2.tgz#9f229c15be272454ffa973ace0dbee79a1b0c36f"
  integrity sha512-XpNj6GDQzdfW+r2Wnn7xiSAd7TM3jzkxGXBGTtWKuSXv1xUV+azxAm8jdWZN06QTQk+2N2XB9jRDkvbmQmcRtg==

debug@3.1.0:
  version "3.1.0"
  resolved "https://registry.yarnpkg.com/debug/-/debug-3.1.0.tgz#5bb5a0672628b64149566ba16819e61518c67261"
  integrity sha512-OX8XqP7/1a9cqkxYw2yXss15f26NKWBpDXQd0/uK/KPqdQhxbPa994hnzjcE2VqQpDslf55723cKPUOGSmMY3g==
  dependencies:
    ms "2.0.0"

debug@^3.1.0:
  version "3.2.7"
  resolved "https://registry.yarnpkg.com/debug/-/debug-3.2.7.tgz#72580b7e9145fb39b6676f9c5e5fb100b934179a"
  integrity sha512-CFjzYYAi4ThfiQvizrFQevTTXHtnCqWfe7x1AhgEscTz6ZbLbfoLRLPugTQyBth6f8ZERVUSyWHFD/7Wu4t1XQ==
  dependencies:
    ms "^2.1.1"

detect-indent@~6.0.0:
  version "6.0.0"
  resolved "https://registry.yarnpkg.com/detect-indent/-/detect-indent-6.0.0.tgz#0abd0f549f69fc6659a254fe96786186b6f528fd"
  integrity sha512-oSyFlqaTHCItVRGK5RmrmjB+CmaMOW7IaNA/kdxqhoa6d17j/5ce9O9eWXmV/KEdRwqpQA+Vqe8a8Bsybu4YnA==

docopt@~0.6.2:
  version "0.6.2"
  resolved "https://registry.yarnpkg.com/docopt/-/docopt-0.6.2.tgz#b28e9e2220da5ec49f7ea5bb24a47787405eeb11"
  integrity sha1-so6eIiDaXsSffqW7JKR3h0Be6xE=

dot-json@^1.2.1:
  version "1.2.1"
  resolved "https://registry.yarnpkg.com/dot-json/-/dot-json-1.2.1.tgz#d32f67dd4e258711c786b3450bde427a9793c394"
  integrity sha512-sHtCsDBBzhTUFhS12cAvUbP9JTr59LLNxnpNr6dlgbjZlN+nrWFs+uHXgsJvFmc5HoMFR4e60rdqd+GdSUlM3w==
  dependencies:
    detect-indent "~6.0.0"
    docopt "~0.6.2"
    underscore-keypath "~0.0.22"

es6-promise@^4.0.3:
  version "4.2.8"
  resolved "https://registry.yarnpkg.com/es6-promise/-/es6-promise-4.2.8.tgz#4eb21594c972bc40553d276e510539143db53e0a"
  integrity sha512-HJDGx5daxeIvxdBxvG2cb9g4tEvwIk3i8+nhX0yGrYmZUzbkdg8QbDevheDB8gd0//uPj4c1EQua8Q+MViT0/w==

es6-promisify@^5.0.0:
  version "5.0.0"
  resolved "https://registry.yarnpkg.com/es6-promisify/-/es6-promisify-5.0.0.tgz#5109d62f3e56ea967c4b63505aef08291c8a5203"
  integrity sha1-UQnWLz5W6pZ8S2NQWu8IKRyKUgM=
  dependencies:
    es6-promise "^4.0.3"

follow-redirects@^1.10.0:
  version "1.13.2"
  resolved "https://registry.yarnpkg.com/follow-redirects/-/follow-redirects-1.13.2.tgz#dd73c8effc12728ba5cf4259d760ea5fb83e3147"
  integrity sha512-6mPTgLxYm3r6Bkkg0vNM0HTjfGrOEtsfbhagQvbxDEsEkpNhw582upBaoRZylzen6krEmxXJgt9Ju6HiI4O7BA==

http-proxy-agent@^2.1.0:
  version "2.1.0"
  resolved "https://registry.yarnpkg.com/http-proxy-agent/-/http-proxy-agent-2.1.0.tgz#e4821beef5b2142a2026bd73926fe537631c5405"
  integrity sha512-qwHbBLV7WviBl0rQsOzH6o5lwyOIvwp/BdFnvVxXORldu5TmjFfjzBcWUWS5kWAZhmv+JtiDhSuQCp4sBfbIgg==
  dependencies:
    agent-base "4"
    debug "3.1.0"

https-proxy-agent@^3.0.1:
  version "3.0.1"
  resolved "https://registry.yarnpkg.com/https-proxy-agent/-/https-proxy-agent-3.0.1.tgz#b8c286433e87602311b01c8ea34413d856a4af81"
  integrity sha512-+ML2Rbh6DAuee7d07tYGEKOEi2voWPUGan+ExdPbPW6Z3svq+JCqr0v8WmKPOkz1vOVykPCBSuobe7G8GJUtVg==
  dependencies:
    agent-base "^4.3.0"
    debug "^3.1.0"

ip@1.1.5:
  version "1.1.5"
  resolved "https://registry.yarnpkg.com/ip/-/ip-1.1.5.tgz#bdded70114290828c0a039e72ef25f5aaec4354a"
  integrity sha1-vd7XARQpCCjAoDnnLvJfWq7ENUo=

lodash.clonedeep@^4.5.0:
  version "4.5.0"
  resolved "https://registry.yarnpkg.com/lodash.clonedeep/-/lodash.clonedeep-4.5.0.tgz#e23f3f9c4f8fbdde872529c1071857a086e5ccef"
  integrity sha1-4j8/nE+Pvd6HJSnBBxhXoIblzO8=

ms@2.0.0:
  version "2.0.0"
  resolved "https://registry.yarnpkg.com/ms/-/ms-2.0.0.tgz#5608aeadfc00be6c2901df5f9861788de0d597c8"
  integrity sha1-VgiurfwAvmwpAd9fmGF4jeDVl8g=

ms@^2.1.1:
  version "2.1.3"
  resolved "https://registry.yarnpkg.com/ms/-/ms-2.1.3.tgz#574c8138ce1d2b5861f0b44579dbadd60c6615b2"
  integrity sha512-6FlzubTLZG3J2a/NVCAleEhjzq5oxgHyaCU9yYXvcLsvoVaHJq/s5xXI6/XXP6tz7R9xAOtHnSO/tXtF3WRTlA==

smart-buffer@^4.1.0:
  version "4.1.0"
  resolved "https://registry.yarnpkg.com/smart-buffer/-/smart-buffer-4.1.0.tgz#91605c25d91652f4661ea69ccf45f1b331ca21ba"
  integrity sha512-iVICrxOzCynf/SNaBQCw34eM9jROU/s5rzIhpOvzhzuYHfJR/DhZfDkXiZSgKXfgv26HT3Yni3AV/DGw0cGnnw==

socks-proxy-agent@^4.0.2:
  version "4.0.2"
  resolved "https://registry.yarnpkg.com/socks-proxy-agent/-/socks-proxy-agent-4.0.2.tgz#3c8991f3145b2799e70e11bd5fbc8b1963116386"
  integrity sha512-NT6syHhI9LmuEMSK6Kd2V7gNv5KFZoLE7V5udWmn0de+3Mkj3UMA/AJPLyeNUVmElCurSHtUdM3ETpR3z770Wg==
  dependencies:
    agent-base "~4.2.1"
    socks "~2.3.2"

socks@~2.3.2:
  version "2.3.3"
  resolved "https://registry.yarnpkg.com/socks/-/socks-2.3.3.tgz#01129f0a5d534d2b897712ed8aceab7ee65d78e3"
  integrity sha512-o5t52PCNtVdiOvzMry7wU4aOqYWL0PeCXRWBEiJow4/i/wr+wpsJQ9awEu1EonLIqsfGd5qSgDdxEOvCdmBEpA==
  dependencies:
    ip "1.1.5"
    smart-buffer "^4.1.0"

underscore-keypath@~0.0.22:
  version "0.0.22"
  resolved "https://registry.yarnpkg.com/underscore-keypath/-/underscore-keypath-0.0.22.tgz#48a528392bb6efc424be1caa56da4b5faccf264d"
  integrity sha1-SKUoOSu278QkvhyqVtpLX6zPJk0=
  dependencies:
    underscore "*"

underscore@*:
  version "1.12.0"
  resolved "https://registry.yarnpkg.com/underscore/-/underscore-1.12.0.tgz#4814940551fc80587cef7840d1ebb0f16453be97"
  integrity sha512-21rQzss/XPMjolTiIezSu3JAjgagXKROtNrYFEOWK109qY1Uv2tVjPTZ1ci2HgvQDA16gHYSthQIJfB+XId/rQ==

user-agents@^1.0.561:
  version "1.0.561"
  resolved "https://registry.yarnpkg.com/user-agents/-/user-agents-1.0.561.tgz#b0636ab21e82e25eb78202cfbe7a5f631fd5c8bd"
  integrity sha512-KlA1ELMP/gwfk9GG/frOxs0r83ncuMKLnnfZvPWDmivNa09yBgFPIjkoVWlJDV9fcSmlAHYPXuDF9LwgBrpzkg==
  dependencies:
    dot-json "^1.2.1"
    lodash.clonedeep "^4.5.0"
